
Microsoft Visual Studio Solution File, Format Version 12.00
# Visual Studio Version 17
VisualStudioVersion = 17.0.31903.59
MinimumVisualStudioVersion = 10.0.40219.1
Project("{FAE04EC0-301F-11D3-BF4B-00C04F79EFBC}") = "API", "API\API.csproj", "{1DE6B950-2AA3-4D28-BA5B-76BC25B5EEF8}"
EndProject
Project("{FAE04EC0-301F-11D3-BF4B-00C04F79EFBC}") = "Infrastructure", "Infrastructure\Infrastructure.csproj", "{3735A04E-956B-4909-9E17-103F94EF2DDE}"
EndProject
Project("{FAE04EC0-301F-11D3-BF4B-00C04F79EFBC}") = "Core", "Core\Core.csproj", "{2D6AC384-6D48-4F80-BF97-9E54C91605D1}"
EndProject
Global
	GlobalSection(SolutionConfigurationPlatforms) = preSolution
		Debug|Any CPU = Debug|Any CPU
		Release|Any CPU = Release|Any CPU
	EndGlobalSection
	GlobalSection(SolutionProperties) = preSolution
		HideSolutionNode = FALSE
	EndGlobalSection
	GlobalSection(ProjectConfigurationPlatforms) = postSolution
		{1DE6B950-2AA3-4D28-BA5B-76BC25B5EEF8}.Debug|Any CPU.ActiveCfg = Debug|Any CPU
		{1DE6B950-2AA3-4D28-BA5B-76BC25B5EEF8}.Debug|Any CPU.Build.0 = Debug|Any CPU
		{1DE6B950-2AA3-4D28-BA5B-76BC25B5EEF8}.Release|Any CPU.ActiveCfg = Release|Any CPU
		{1DE6B950-2AA3-4D28-BA5B-76BC25B5EEF8}.Release|Any CPU.Build.0 = Release|Any CPU
		{3735A04E-956B-4909-9E17-103F94EF2DDE}.Debug|Any CPU.ActiveCfg = Debug|Any CPU
		{3735A04E-956B-4909-9E17-103F94EF2DDE}.Debug|Any CPU.Build.0 = Debug|Any CPU
		{3735A04E-956B-4909-9E17-103F94EF2DDE}.Release|Any CPU.ActiveCfg = Release|Any CPU
		{3735A04E-956B-4909-9E17-103F94EF2DDE}.Release|Any CPU.Build.0 = Release|Any CPU
		{2D6AC384-6D48-4F80-BF97-9E54C91605D1}.Debug|Any CPU.ActiveCfg = Debug|Any CPU
		{2D6AC384-6D48-4F80-BF97-9E54C91605D1}.Debug|Any CPU.Build.0 = Debug|Any CPU
		{2D6AC384-6D48-4F80-BF97-9E54C91605D1}.Release|Any CPU.ActiveCfg = Release|Any CPU
		{2D6AC384-6D48-4F80-BF97-9E54C91605D1}.Release|Any CPU.Build.0 = Release|Any CPU
	EndGlobalSection
EndGlobal
